// !$*UTF8*$!
{
	archiveVersion = 1;
	classes = {
	};
	objectVersion = 48;
	objects = {

/* Begin PBXBuildFile section */
		8913AC1E2011653E00875A88 /* MenuViewController.swift in Sources */ = {isa = PBXBuildFile; fileRef = 8913AC1D2011653D00875A88 /* MenuViewController.swift */; };
		8926F3DD2007D7A80002EEB4 /* MenuScene.swift in Sources */ = {isa = PBXBuildFile; fileRef = 8926F3DC2007D7A80002EEB4 /* MenuScene.swift */; };
		8926F3DF2007F24B0002EEB4 /* MenuScene.sks in Resources */ = {isa = PBXBuildFile; fileRef = 8926F3DE2007F24A0002EEB4 /* MenuScene.sks */; };
		EA17F5DB20018B510094DA28 /* AppDelegate.swift in Sources */ = {isa = PBXBuildFile; fileRef = EA17F5DA20018B510094DA28 /* AppDelegate.swift */; };
		EA17F5DD20018B510094DA28 /* Scene.sks in Resources */ = {isa = PBXBuildFile; fileRef = EA17F5DC20018B510094DA28 /* Scene.sks */; };
		EA17F5DF20018B510094DA28 /* Scene.swift in Sources */ = {isa = PBXBuildFile; fileRef = EA17F5DE20018B510094DA28 /* Scene.swift */; };
		EA17F5E120018B510094DA28 /* ViewController.swift in Sources */ = {isa = PBXBuildFile; fileRef = EA17F5E020018B510094DA28 /* ViewController.swift */; };
		EA17F5E420018B510094DA28 /* Main.storyboard in Resources */ = {isa = PBXBuildFile; fileRef = EA17F5E220018B510094DA28 /* Main.storyboard */; };
		EA17F5E620018B510094DA28 /* Assets.xcassets in Resources */ = {isa = PBXBuildFile; fileRef = EA17F5E520018B510094DA28 /* Assets.xcassets */; };
		EA17F5E920018B510094DA28 /* LaunchScreen.storyboard in Resources */ = {isa = PBXBuildFile; fileRef = EA17F5E720018B510094DA28 /* LaunchScreen.storyboard */; };
/* End PBXBuildFile section */

/* Begin PBXFileReference section */
		8913AC1D2011653D00875A88 /* MenuViewController.swift */ = {isa = PBXFileReference; lastKnownFileType = sourcecode.swift; path = MenuViewController.swift; sourceTree = "<group>"; };
		8926F3DC2007D7A80002EEB4 /* MenuScene.swift */ = {isa = PBXFileReference; lastKnownFileType = sourcecode.swift; path = MenuScene.swift; sourceTree = "<group>"; };
		8926F3DE2007F24A0002EEB4 /* MenuScene.sks */ = {isa = PBXFileReference; lastKnownFileType = file.sks; path = MenuScene.sks; sourceTree = "<group>"; };
		EA17F5D720018B510094DA28 /* killerInsect.app */ = {isa = PBXFileReference; explicitFileType = wrapper.application; includeInIndex = 0; path = killerInsect.app; sourceTree = BUILT_PRODUCTS_DIR; };
		EA17F5DA20018B510094DA28 /* AppDelegate.swift */ = {isa = PBXFileReference; lastKnownFileType = sourcecode.swift; path = AppDelegate.swift; sourceTree = "<group>"; };
		EA17F5DC20018B510094DA28 /* Scene.sks */ = {isa = PBXFileReference; lastKnownFileType = file.sks; path = Scene.sks; sourceTree = "<group>"; };
		EA17F5DE20018B510094DA28 /* Scene.swift */ = {isa = PBXFileReference; lastKnownFileType = sourcecode.swift; path = Scene.swift; sourceTree = "<group>"; };
		EA17F5E020018B510094DA28 /* ViewController.swift */ = {isa = PBXFileReference; lastKnownFileType = sourcecode.swift; path = ViewController.swift; sourceTree = "<group>"; };
		EA17F5E320018B510094DA28 /* Base */ = {isa = PBXFileReference; lastKnownFileType = file.storyboard; name = Base; path = Base.lproj/Main.storyboard; sourceTree = "<group>"; };
		EA17F5E520018B510094DA28 /* Assets.xcassets */ = {isa = PBXFileReference; lastKnownFileType = folder.assetcatalog; path = Assets.xcassets; sourceTree = "<group>"; };
		EA17F5E820018B510094DA28 /* Base */ = {isa = PBXFileReference; lastKnownFileType = file.storyboard; name = Base; path = Base.lproj/LaunchScreen.storyboard; sourceTree = "<group>"; };
		EA17F5EA20018B510094DA28 /* Info.plist */ = {isa = PBXFileReference; lastKnownFileType = text.plist.xml; path = Info.plist; sourceTree = "<group>"; };
/* End PBXFileReference section */

/* Begin PBXFrameworksBuildPhase section */
		EA17F5D420018B510094DA28 /* Frameworks */ = {
			isa = PBXFrameworksBuildPhase;
			buildActionMask = 2147483647;
			files = (
			);
			runOnlyForDeploymentPostprocessing = 0;
		};
/* End PBXFrameworksBuildPhase section */

/* Begin PBXGroup section */
		8926F3D72007D5860002EEB4 /* Scenes */ = {
			isa = PBXGroup;
			children = (
				EA17F5DC20018B510094DA28 /* Scene.sks */,
				8926F3DE2007F24A0002EEB4 /* MenuScene.sks */,
			);
			path = Scenes;
			sourceTree = "<group>";
		};
		8926F3D82007D5BA0002EEB4 /* Misc */ = {
			isa = PBXGroup;
			children = (
				EA17F5E220018B510094DA28 /* Main.storyboard */,
				EA17F5E720018B510094DA28 /* LaunchScreen.storyboard */,
			);
			path = Misc;
			sourceTree = "<group>";
		};
		8926F3D92007D6050002EEB4 /* Assets */ = {
			isa = PBXGroup;
			children = (
				EA17F5E520018B510094DA28 /* Assets.xcassets */,
			);
			path = Assets;
			sourceTree = "<group>";
		};
		EA17F5CE20018B500094DA28 = {
			isa = PBXGroup;
			children = (
				EA17F5D920018B510094DA28 /* killerInsect */,
				EA17F5D820018B510094DA28 /* Products */,
			);
			sourceTree = "<group>";
		};
		EA17F5D820018B510094DA28 /* Products */ = {
			isa = PBXGroup;
			children = (
				EA17F5D720018B510094DA28 /* killerInsect.app */,
			);
			name = Products;
			sourceTree = "<group>";
		};
		EA17F5D920018B510094DA28 /* killerInsect */ = {
			isa = PBXGroup;
			children = (
				8926F3D92007D6050002EEB4 /* Assets */,
				EA17F5DA20018B510094DA28 /* AppDelegate.swift */,
				EA17F5E020018B510094DA28 /* ViewController.swift */,
				8913AC1D2011653D00875A88 /* MenuViewController.swift */,
				EA17F5DE20018B510094DA28 /* Scene.swift */,
				8926F3DC2007D7A80002EEB4 /* MenuScene.swift */,
				8926F3D72007D5860002EEB4 /* Scenes */,
				8926F3D82007D5BA0002EEB4 /* Misc */,
				EA17F5EA20018B510094DA28 /* Info.plist */,
			);
			path = killerInsect;
			sourceTree = "<group>";
		};
/* End PBXGroup section */

/* Begin PBXNativeTarget section */
		EA17F5D620018B510094DA28 /* killerInsect */ = {
			isa = PBXNativeTarget;
			buildConfigurationList = EA17F5ED20018B510094DA28 /* Build configuration list for PBXNativeTarget "killerInsect" */;
			buildPhases = (
				EA17F5D320018B510094DA28 /* Sources */,
				EA17F5D420018B510094DA28 /* Frameworks */,
				EA17F5D520018B510094DA28 /* Resources */,
			);
			buildRules = (
			);
			dependencies = (
			);
			name = killerInsect;
			productName = killerInsect;
			productReference = EA17F5D720018B510094DA28 /* killerInsect.app */;
			productType = "com.apple.product-type.application";
		};
/* End PBXNativeTarget section */

/* Begin PBXProject section */
		EA17F5CF20018B500094DA28 /* Project object */ = {
			isa = PBXProject;
			attributes = {
				LastSwiftUpdateCheck = 0920;
				LastUpgradeCheck = 0920;
				ORGANIZATIONNAME = "Jorge Martinez";
				TargetAttributes = {
					EA17F5D620018B510094DA28 = {
						CreatedOnToolsVersion = 9.2;
						ProvisioningStyle = Automatic;
					};
				};
			};
			buildConfigurationList = EA17F5D220018B500094DA28 /* Build configuration list for PBXProject "killerInsect" */;
			compatibilityVersion = "Xcode 8.0";
			developmentRegion = en;
			hasScannedForEncodings = 0;
			knownRegions = (
				en,
				Base,
			);
			mainGroup = EA17F5CE20018B500094DA28;
			productRefGroup = EA17F5D820018B510094DA28 /* Products */;
			projectDirPath = "";
			projectRoot = "";
			targets = (
				EA17F5D620018B510094DA28 /* killerInsect */,
			);
		};
/* End PBXProject section */

/* Begin PBXResourcesBuildPhase section */
		EA17F5D520018B510094DA28 /* Resources */ = {
			isa = PBXResourcesBuildPhase;
			buildActionMask = 2147483647;
			files = (
				EA17F5DD20018B510094DA28 /* Scene.sks in Resources */,
				EA17F5E920018B510094DA28 /* LaunchScreen.storyboard in Resources */,
				EA17F5E620018B510094DA28 /* Assets.xcassets in Resources */,
				8926F3DF2007F24B0002EEB4 /* MenuScene.sks in Resources */,
				EA17F5E420018B510094DA28 /* Main.storyboard in Resources */,
			);
			runOnlyForDeploymentPostprocessing = 0;
		};
/* End PBXResourcesBuildPhase section */

/* Begin PBXSourcesBuildPhase section */
		EA17F5D320018B510094DA28 /* Sources */ = {
			isa = PBXSourcesBuildPhase;
			buildActionMask = 2147483647;
			files = (
				EA17F5E120018B510094DA28 /* ViewController.swift in Sources */,
				8913AC1E2011653E00875A88 /* MenuViewController.swift in Sources */,
				8926F3DD2007D7A80002EEB4 /* MenuScene.swift in Sources */,
				EA17F5DF20018B510094DA28 /* Scene.swift in Sources */,
				EA17F5DB20018B510094DA28 /* AppDelegate.swift in Sources */,
			);
			runOnlyForDeploymentPostprocessing = 0;
		};
/* End PBXSourcesBuildPhase section */

/* Begin PBXVariantGroup section */
		EA17F5E220018B510094DA28 /* Main.storyboard */ = {
			isa = PBXVariantGroup;
			children = (
				EA17F5E320018B510094DA28 /* Base */,
			);
			name = Main.storyboard;
			sourceTree = "<group>";
		};
		EA17F5E720018B510094DA28 /* LaunchScreen.storyboard */ = {
			isa = PBXVariantGroup;
			children = (
				EA17F5E820018B510094DA28 /* Base */,
			);
			name = LaunchScreen.storyboard;
			sourceTree = "<group>";
		};
/* End PBXVariantGroup section */

/* Begin XCBuildConfiguration section */
		EA17F5EB20018B510094DA28 /* Debug */ = {
			isa = XCBuildConfiguration;
			buildSettings = {
				ALWAYS_SEARCH_USER_PATHS = NO;
				CLANG_ANALYZER_NONNULL = YES;
				CLANG_ANALYZER_NUMBER_OBJECT_CONVERSION = YES_AGGRESSIVE;
				CLANG_CXX_LANGUAGE_STANDARD = "gnu++14";
				CLANG_CXX_LIBRARY = "libc++";
				CLANG_ENABLE_MODULES = YES;
				CLANG_ENABLE_OBJC_ARC = YES;
				CLANG_WARN_BLOCK_CAPTURE_AUTORELEASING = YES;
				CLANG_WARN_BOOL_CONVERSION = YES;
				CLANG_WARN_COMMA = YES;
				CLANG_WARN_CONSTANT_CONVERSION = YES;
				CLANG_WARN_DIRECT_OBJC_ISA_USAGE = YES_ERROR;
				CLANG_WARN_DOCUMENTATION_COMMENTS = YES;
				CLANG_WARN_EMPTY_BODY = YES;
				CLANG_WARN_ENUM_CONVERSION = YES;
				CLANG_WARN_INFINITE_RECURSION = YES;
				CLANG_WARN_INT_CONVERSION = YES;
				CLANG_WARN_NON_LITERAL_NULL_CONVERSION = YES;
				CLANG_WARN_OBJC_LITERAL_CONVERSION = YES;
				CLANG_WARN_OBJC_ROOT_CLASS = YES_ERROR;
				CLANG_WARN_RANGE_LOOP_ANALYSIS = YES;
				CLANG_WARN_STRICT_PROTOTYPES = YES;
				CLANG_WARN_SUSPICIOUS_MOVE = YES;
				CLANG_WARN_UNGUARDED_AVAILABILITY = YES_AGGRESSIVE;
				CLANG_WARN_UNREACHABLE_CODE = YES;
				CLANG_WARN__DUPLICATE_METHOD_MATCH = YES;
				CODE_SIGN_IDENTITY = "iPhone Developer";
				COPY_PHASE_STRIP = NO;
				DEBUG_INFORMATION_FORMAT = dwarf;
				ENABLE_STRICT_OBJC_MSGSEND = YES;
				ENABLE_TESTABILITY = YES;
				GCC_C_LANGUAGE_STANDARD = gnu11;
				GCC_DYNAMIC_NO_PIC = NO;
				GCC_NO_COMMON_BLOCKS = YES;
				GCC_OPTIMIZATION_LEVEL = 0;
				GCC_PREPROCESSOR_DEFINITIONS = (
					"DEBUG=1",
					"$(inherited)",
				);
				GCC_WARN_64_TO_32_BIT_CONVERSION = YES;
				GCC_WARN_ABOUT_RETURN_TYPE = YES_ERROR;
				GCC_WARN_UNDECLARED_SELECTOR = YES;
				GCC_WARN_UNINITIALIZED_AUTOS = YES_AGGRESSIVE;
				GCC_WARN_UNUSED_FUNCTION = YES;
				GCC_WARN_UNUSED_VARIABLE = YES;
				IPHONEOS_DEPLOYMENT_TARGET = 11.2;
				MTL_ENABLE_DEBUG_INFO = YES;
				ONLY_ACTIVE_ARCH = YES;
				SDKROOT = iphoneos;
				SWIFT_ACTIVE_COMPILATION_CONDITIONS = DEBUG;
				SWIFT_OPTIMIZATION_LEVEL = "-Onone";
			};
			name = Debug;
		};
		EA17F5EC20018B510094DA28 /* Release */ = {
			isa = XCBuildConfiguration;
			buildSettings = {
				ALWAYS_SEARCH_USER_PATHS = NO;
				CLANG_ANALYZER_NONNULL = YES;
				CLANG_ANALYZER_NUMBER_OBJECT_CONVERSION = YES_AGGRESSIVE;
				CLANG_CXX_LANGUAGE_STANDARD = "gnu++14";
				CLANG_CXX_LIBRARY = "libc++";
				CLANG_ENABLE_MODULES = YES;
				CLANG_ENABLE_OBJC_ARC = YES;
				CLANG_WARN_BLOCK_CAPTURE_AUTORELEASING = YES;
				CLANG_WARN_BOOL_CONVERSION = YES;
				CLANG_WARN_COMMA = YES;
				CLANG_WARN_CONSTANT_CONVERSION = YES;
				CLANG_WARN_DIRECT_OBJC_ISA_USAGE = YES_ERROR;
				CLANG_WARN_DOCUMENTATION_COMMENTS = YES;
				CLANG_WARN_EMPTY_BODY = YES;
				CLANG_WARN_ENUM_CONVERSION = YES;
				CLANG_WARN_INFINITE_RECURSION = YES;
				CLANG_WARN_INT_CONVERSION = YES;
				CLANG_WARN_NON_LITERAL_NULL_CONVERSION = YES;
				CLANG_WARN_OBJC_LITERAL_CONVERSION = YES;
				CLANG_WARN_OBJC_ROOT_CLASS = YES_ERROR;
				CLANG_WARN_RANGE_LOOP_ANALYSIS = YES;
				CLANG_WARN_STRICT_PROTOTYPES = YES;
				CLANG_WARN_SUSPICIOUS_MOVE = YES;
				CLANG_WARN_UNGUARDED_AVAILABILITY = YES_AGGRESSIVE;
				CLANG_WARN_UNREACHABLE_CODE = YES;
				CLANG_WARN__DUPLICATE_METHOD_MATCH = YES;
				CODE_SIGN_IDENTITY = "iPhone Developer";
				COPY_PHASE_STRIP = NO;
				DEBUG_INFORMATION_FORMAT = "dwarf-with-dsym";
				ENABLE_NS_ASSERTIONS = NO;
				ENABLE_STRICT_OBJC_MSGSEND = YES;
				GCC_C_LANGUAGE_STANDARD = gnu11;
				GCC_NO_COMMON_BLOCKS = YES;
				GCC_WARN_64_TO_32_BIT_CONVERSION = YES;
				GCC_WARN_ABOUT_RETURN_TYPE = YES_ERROR;
				GCC_WARN_UNDECLARED_SELECTOR = YES;
				GCC_WARN_UNINITIALIZED_AUTOS = YES_AGGRESSIVE;
				GCC_WARN_UNUSED_FUNCTION = YES;
				GCC_WARN_UNUSED_VARIABLE = YES;
				IPHONEOS_DEPLOYMENT_TARGET = 11.2;
				MTL_ENABLE_DEBUG_INFO = NO;
				SDKROOT = iphoneos;
				SWIFT_OPTIMIZATION_LEVEL = "-Owholemodule";
				VALIDATE_PRODUCT = YES;
			};
			name = Release;
		};
		EA17F5EE20018B510094DA28 /* Debug */ = {
			isa = XCBuildConfiguration;
			buildSettings = {
				ASSETCATALOG_COMPILER_APPICON_NAME = AppIcon;
				CODE_SIGN_STYLE = Automatic;
				DEVELOPMENT_TEAM = R85973QSR5;
				INFOPLIST_FILE = killerInsect/Info.plist;
				IPHONEOS_DEPLOYMENT_TARGET = 11.0;
				LD_RUNPATH_SEARCH_PATHS = "$(inherited) @executable_path/Frameworks";
				PRODUCT_BUNDLE_IDENTIFIER = com.tiuh22.killerInsect;
				PRODUCT_NAME = "$(TARGET_NAME)";
				SWIFT_VERSION = 4.0;
				TARGETED_DEVICE_FAMILY = "1,2";
			};
			name = Debug;
		};
		EA17F5EF20018B510094DA28 /* Release */ = {
			isa = XCBuildConfiguration;
			buildSettings = {
				ASSETCATALOG_COMPILER_APPICON_NAME = AppIcon;
				CODE_SIGN_STYLE = Automatic;
				DEVELOPMENT_TEAM = R85973QSR5;
				INFOPLIST_FILE = killerInsect/Info.plist;
				IPHONEOS_DEPLOYMENT_TARGET = 11.0;
				LD_RUNPATH_SEARCH_PATHS = "$(inherited) @executable_path/Frameworks";
				PRODUCT_BUNDLE_IDENTIFIER = com.tiuh22.killerInsect;
				PRODUCT_NAME = "$(TARGET_NAME)";
				SWIFT_VERSION = 4.0;
				TARGETED_DEVICE_FAMILY = "1,2";
			};
			name = Release;
		};
/* End XCBuildConfiguration section */

/* Begin XCConfigurationList section */
		EA17F5D220018B500094DA28 /* Build configuration list for PBXProject "killerInsect" */ = {
			isa = XCConfigurationList;
			buildConfigurations = (
				EA17F5EB20018B510094DA28 /* Debug */,
				EA17F5EC20018B510094DA28 /* Release */,
			);
			defaultConfigurationIsVisible = 0;
			defaultConfigurationName = Release;
		};
		EA17F5ED20018B510094DA28 /* Build configuration list for PBXNativeTarget "killerInsect" */ = {
			isa = XCConfigurationList;
			buildConfigurations = (
				EA17F5EE20018B510094DA28 /* Debug */,
				EA17F5EF20018B510094DA28 /* Release */,
			);
			defaultConfigurationIsVisible = 0;
			defaultConfigurationName = Release;
		};
/* End XCConfigurationList section */
	};
	rootObject = EA17F5CF20018B500094DA28 /* Project object */;
}
